
Microsoft Visual Studio Solution File, Format Version 12.00
# Visual Studio Version 17
VisualStudioVersion = 17.13.35825.156 d17.13
MinimumVisualStudioVersion = 10.0.40219.1
Project("{FAE04EC0-301F-11D3-BF4B-00C04F79EFBC}") = "RobôTupiniquim.ConsoleApp", "RobôTupiniquim.ConsoleApp\RobôTupiniquim.ConsoleApp.csproj", "{4A43EF32-50AC-499C-AB3E-1FA7A5B32C63}"
EndProject
Global
	GlobalSection(SolutionConfigurationPlatforms) = preSolution
		Debug|Any CPU = Debug|Any CPU
		Release|Any CPU = Release|Any CPU
	EndGlobalSection
	GlobalSection(ProjectConfigurationPlatforms) = postSolution
		{4A43EF32-50AC-499C-AB3E-1FA7A5B32C63}.Debug|Any CPU.ActiveCfg = Debug|Any CPU
		{4A43EF32-50AC-499C-AB3E-1FA7A5B32C63}.Debug|Any CPU.Build.0 = Debug|Any CPU
		{4A43EF32-50AC-499C-AB3E-1FA7A5B32C63}.Release|Any CPU.ActiveCfg = Release|Any CPU
		{4A43EF32-50AC-499C-AB3E-1FA7A5B32C63}.Release|Any CPU.Build.0 = Release|Any CPU
	EndGlobalSection
	GlobalSection(SolutionProperties) = preSolution
		HideSolutionNode = FALSE
	EndGlobalSection
	GlobalSection(ExtensibilityGlobals) = postSolution
		SolutionGuid = {4C79D135-8DAC-42D0-9B50-15F6DFE91488}
	EndGlobalSection
EndGlobal
